
Microsoft Visual Studio Solution File, Format Version 12.00
# Visual Studio Version 16
VisualStudioVersion = 16.0.29503.13
MinimumVisualStudioVersion = 10.0.40219.1
Project("{FAE04EC0-301F-11D3-BF4B-00C04F79EFBC}") = "Chess_Back_Tracking", "Chess_Back_Tracking\Chess_Back_Tracking.csproj", "{2A0F1C06-8D9B-4DBB-BB17-B358BB85D76D}"
EndProject
Global
	GlobalSection(SolutionConfigurationPlatforms) = preSolution
		Debug|Any CPU = Debug|Any CPU
		Release|Any CPU = Release|Any CPU
	EndGlobalSection
	GlobalSection(ProjectConfigurationPlatforms) = postSolution
		{2A0F1C06-8D9B-4DBB-BB17-B358BB85D76D}.Debug|Any CPU.ActiveCfg = Debug|Any CPU
		{2A0F1C06-8D9B-4DBB-BB17-B358BB85D76D}.Debug|Any CPU.Build.0 = Debug|Any CPU
		{2A0F1C06-8D9B-4DBB-BB17-B358BB85D76D}.Release|Any CPU.ActiveCfg = Release|Any CPU
		{2A0F1C06-8D9B-4DBB-BB17-B358BB85D76D}.Release|Any CPU.Build.0 = Release|Any CPU
	EndGlobalSection
	GlobalSection(SolutionProperties) = preSolution
		HideSolutionNode = FALSE
	EndGlobalSection
	GlobalSection(ExtensibilityGlobals) = postSolution
		SolutionGuid = {5BFE4DDC-4211-49EE-8809-82793697FC97}
	EndGlobalSection
EndGlobal
